# This file was autogenerated by Stack.
# You should not edit this file by hand.
# For more information, please see the documentation at:
#   https://docs.haskellstack.org/en/stable/lock_files

packages:
- completed:
    hackage: data-timeout-0.3.1@sha256:80830a56fcb562b06ede4203de3a80a17d359c40311624f9e4f72b425a5294db,1313
    pantry-tree:
      size: 416
      sha256: d073a04c7c660d564e0f52baa0aad68006e992050f358f18fab6c6d9c2859d2f
  original:
    hackage: data-timeout-0.3.1@sha256:80830a56fcb562b06ede4203de3a80a17d359c40311624f9e4f72b425a5294db,1313
snapshots:
- completed:
    size: 586110
    url: https://raw.githubusercontent.com/commercialhaskell/stackage-snapshots/master/lts/18/21.yaml
    sha256: ce4fb8d44f3c6c6032060a02e0ebb1bd29937c9a70101c1517b92a87d9515160
  original: lts-18.21
